
Microsoft Visual Studio Solution File, Format Version 12.00
# Visual Studio Version 16
VisualStudioVersion = 16.0.30804.86
MinimumVisualStudioVersion = 10.0.40219.1
Project("{888888A0-9F3D-457C-B088-3A5042F75D52}") = "StajTakip", "StajTakip.pyproj", "{F7C9D561-4248-4FDD-BA0E-1CA2473C91AF}"
EndProject
Global
	GlobalSection(SolutionConfigurationPlatforms) = preSolution
		Debug|Any CPU = Debug|Any CPU
		Release|Any CPU = Release|Any CPU
	EndGlobalSection
	GlobalSection(ProjectConfigurationPlatforms) = postSolution
		{F7C9D561-4248-4FDD-BA0E-1CA2473C91AF}.Debug|Any CPU.ActiveCfg = Debug|Any CPU
		{F7C9D561-4248-4FDD-BA0E-1CA2473C91AF}.Release|Any CPU.ActiveCfg = Release|Any CPU
	EndGlobalSection
	GlobalSection(SolutionProperties) = preSolution
		HideSolutionNode = FALSE
	EndGlobalSection
	GlobalSection(ExtensibilityGlobals) = postSolution
		SolutionGuid = {32B95A38-B4E2-40AE-8254-59CC64282ACD}
	EndGlobalSection
EndGlobal
